{
  "version": 4,
  "terraform_version": "1.8.2",
  "serial": 55,
  "lineage": "c4c3fb63-bdc1-eaf6-d440-5ca46bdd2e06",
  "outputs": {
    "api_repository_urls": {
      "value": {
        "api_index": "http://bitbucket.prod.apic10stack.local:7990/scm/api/api_index.git",
        "order-api": "http://bitbucket.prod.apic10stack.local:7990/scm/api/order-api.git",
        "stock-api": "http://bitbucket.prod.apic10stack.local:7990/scm/api/stock-api.git"
      },
      "type": [
        "object",
        {
          "api_index": "string",
          "order-api": "string",
          "stock-api": "string"
        }
      ]
    },
    "product_repository_urls": {
      "value": {
        "ordering-and-fulfillment-product": "http://bitbucket.prod.apic10stack.local:7990/scm/prdct/ordering-and-fulfillment-product.git",
        "product_index": "http://bitbucket.prod.apic10stack.local:7990/scm/prdct/product_index.git"
      },
      "type": [
        "object",
        {
          "ordering-and-fulfillment-product": "string",
          "product_index": "string"
        }
      ]
    }
  },
  "resources": [
    {
      "mode": "managed",
      "type": "bitbucketserver_project",
      "name": "apis",
      "provider": "provider[\"registry.terraform.io/gavinbunney/bitbucketserver\"]",
      "instances": [
        {
          "schema_version": 0,
          "attributes": {
            "avatar": null,
            "description": "The project containing the API repositories",
            "id": "API",
            "key": "API",
            "name": "APIs",
            "public": false
          },
          "sensitive_attributes": [],
          "private": "bnVsbA=="
        }
      ]
    },
    {
      "mode": "managed",
      "type": "bitbucketserver_project",
      "name": "products",
      "provider": "provider[\"registry.terraform.io/gavinbunney/bitbucketserver\"]",
      "instances": [
        {
          "schema_version": 0,
          "attributes": {
            "avatar": null,
            "description": "The project containing the product repositories",
            "id": "PRDCT",
            "key": "PRDCT",
            "name": "Products",
            "public": false
          },
          "sensitive_attributes": [],
          "private": "bnVsbA=="
        }
      ]
    },
    {
      "mode": "managed",
      "type": "bitbucketserver_repository",
      "name": "api_repsitories",
      "provider": "provider[\"registry.terraform.io/gavinbunney/bitbucketserver\"]",
      "instances": [
        {
          "index_key": "api-index",
          "schema_version": 0,
          "attributes": {
            "clone_https": "http://bitbucket.prod.apic10stack.local:7990/scm/api/api_index.git",
            "clone_ssh": "ssh://git@bitbucket.prod.apic10stack.local:7999/api/api_index.git",
            "description": "",
            "enable_git_lfs": false,
            "fork_repository_project": null,
            "fork_repository_slug": null,
            "forkable": true,
            "id": "API/api_index",
            "name": "api_index",
            "project": "API",
            "public": false,
            "slug": "api_index"
          },
          "sensitive_attributes": [],
          "private": "bnVsbA==",
          "dependencies": [
            "bitbucketserver_project.apis"
          ]
        },
        {
          "index_key": "order-api",
          "schema_version": 0,
          "attributes": {
            "clone_https": "http://bitbucket.prod.apic10stack.local:7990/scm/api/order-api.git",
            "clone_ssh": "ssh://git@bitbucket.prod.apic10stack.local:7999/api/order-api.git",
            "description": "",
            "enable_git_lfs": false,
            "fork_repository_project": null,
            "fork_repository_slug": null,
            "forkable": true,
            "id": "API/order-api",
            "name": "order-api",
            "project": "API",
            "public": false,
            "slug": "order-api"
          },
          "sensitive_attributes": [],
          "private": "bnVsbA==",
          "dependencies": [
            "bitbucketserver_project.apis"
          ]
        },
        {
          "index_key": "stock-api",
          "schema_version": 0,
          "attributes": {
            "clone_https": "http://bitbucket.prod.apic10stack.local:7990/scm/api/stock-api.git",
            "clone_ssh": "ssh://git@bitbucket.prod.apic10stack.local:7999/api/stock-api.git",
            "description": "",
            "enable_git_lfs": false,
            "fork_repository_project": null,
            "fork_repository_slug": null,
            "forkable": true,
            "id": "API/stock-api",
            "name": "stock-api",
            "project": "API",
            "public": false,
            "slug": "stock-api"
          },
          "sensitive_attributes": [],
          "private": "bnVsbA==",
          "dependencies": [
            "bitbucketserver_project.apis"
          ]
        }
      ]
    },
    {
      "mode": "managed",
      "type": "bitbucketserver_repository",
      "name": "product_repositories",
      "provider": "provider[\"registry.terraform.io/gavinbunney/bitbucketserver\"]",
      "instances": [
        {
          "index_key": "ordering-and-fulfillment-product",
          "schema_version": 0,
          "attributes": {
            "clone_https": "http://bitbucket.prod.apic10stack.local:7990/scm/prdct/ordering-and-fulfillment-product.git",
            "clone_ssh": "ssh://git@bitbucket.prod.apic10stack.local:7999/prdct/ordering-and-fulfillment-product.git",
            "description": "",
            "enable_git_lfs": false,
            "fork_repository_project": null,
            "fork_repository_slug": null,
            "forkable": true,
            "id": "PRDCT/ordering-and-fulfillment-product",
            "name": "ordering-and-fulfillment-product",
            "project": "PRDCT",
            "public": false,
            "slug": "ordering-and-fulfillment-product"
          },
          "sensitive_attributes": [],
          "private": "bnVsbA==",
          "dependencies": [
            "bitbucketserver_project.products"
          ]
        },
        {
          "index_key": "product-index",
          "schema_version": 0,
          "attributes": {
            "clone_https": "http://bitbucket.prod.apic10stack.local:7990/scm/prdct/product_index.git",
            "clone_ssh": "ssh://git@bitbucket.prod.apic10stack.local:7999/prdct/product_index.git",
            "description": "",
            "enable_git_lfs": false,
            "fork_repository_project": null,
            "fork_repository_slug": null,
            "forkable": true,
            "id": "PRDCT/product_index",
            "name": "product_index",
            "project": "PRDCT",
            "public": false,
            "slug": "product_index"
          },
          "sensitive_attributes": [],
          "private": "bnVsbA==",
          "dependencies": [
            "bitbucketserver_project.products"
          ]
        }
      ]
    },
    {
      "mode": "managed",
      "type": "bitbucketserver_repository_webhook",
      "name": "api_repositories_webhooks",
      "provider": "provider[\"registry.terraform.io/gavinbunney/bitbucketserver\"]",
      "instances": [
        {
          "index_key": "api-index",
          "schema_version": 0,
          "attributes": {
            "active": true,
            "events": [
              "pr:opened",
              "repo:refs_changed",
              "pr:from_ref_updated"
            ],
            "id": "API/api_index/push-notification",
            "name": "push-notification",
            "project": "API",
            "repository": "api_index",
            "secret": "abc",
            "webhook_id": 3,
            "webhook_url": "http://jenkins:8080/generic-webhook-trigger/invoke?token=abc123"
          },
          "sensitive_attributes": [
            [
              {
                "type": "get_attr",
                "value": "secret"
              }
            ]
          ],
          "private": "bnVsbA==",
          "dependencies": [
            "bitbucketserver_project.apis",
            "bitbucketserver_repository.api_repsitories"
          ]
        },
        {
          "index_key": "order-api",
          "schema_version": 0,
          "attributes": {
            "active": true,
            "events": [
              "pr:opened",
              "repo:refs_changed",
              "pr:from_ref_updated"
            ],
            "id": "API/order-api/push-notification",
            "name": "push-notification",
            "project": "API",
            "repository": "order-api",
            "secret": "abc",
            "webhook_id": 2,
            "webhook_url": "http://jenkins:8080/generic-webhook-trigger/invoke?token=abc123"
          },
          "sensitive_attributes": [
            [
              {
                "type": "get_attr",
                "value": "secret"
              }
            ]
          ],
          "private": "bnVsbA==",
          "dependencies": [
            "bitbucketserver_project.apis",
            "bitbucketserver_repository.api_repsitories"
          ]
        },
        {
          "index_key": "stock-api",
          "schema_version": 0,
          "attributes": {
            "active": true,
            "events": [
              "pr:opened",
              "repo:refs_changed",
              "pr:from_ref_updated"
            ],
            "id": "API/stock-api/push-notification",
            "name": "push-notification",
            "project": "API",
            "repository": "stock-api",
            "secret": "abc",
            "webhook_id": 1,
            "webhook_url": "http://jenkins:8080/generic-webhook-trigger/invoke?token=abc123"
          },
          "sensitive_attributes": [
            [
              {
                "type": "get_attr",
                "value": "secret"
              }
            ]
          ],
          "private": "bnVsbA==",
          "dependencies": [
            "bitbucketserver_project.apis",
            "bitbucketserver_repository.api_repsitories"
          ]
        }
      ]
    },
    {
      "mode": "managed",
      "type": "bitbucketserver_repository_webhook",
      "name": "product_repositories_webhooks",
      "provider": "provider[\"registry.terraform.io/gavinbunney/bitbucketserver\"]",
      "instances": [
        {
          "index_key": "ordering-and-fulfillment-product",
          "schema_version": 0,
          "attributes": {
            "active": true,
            "events": [
              "pr:opened",
              "repo:refs_changed",
              "pr:from_ref_updated"
            ],
            "id": "PRDCT/ordering-and-fulfillment-product/push-notification",
            "name": "push-notification",
            "project": "PRDCT",
            "repository": "ordering-and-fulfillment-product",
            "secret": "abc",
            "webhook_id": 4,
            "webhook_url": "http://jenkins:8080/generic-webhook-trigger/invoke?token=abc123"
          },
          "sensitive_attributes": [
            [
              {
                "type": "get_attr",
                "value": "secret"
              }
            ]
          ],
          "private": "bnVsbA==",
          "dependencies": [
            "bitbucketserver_project.products",
            "bitbucketserver_repository.product_repositories"
          ]
        },
        {
          "index_key": "product-index",
          "schema_version": 0,
          "attributes": {
            "active": true,
            "events": [
              "pr:opened",
              "repo:refs_changed",
              "pr:from_ref_updated"
            ],
            "id": "PRDCT/product_index/push-notification",
            "name": "push-notification",
            "project": "PRDCT",
            "repository": "product_index",
            "secret": "abc",
            "webhook_id": 5,
            "webhook_url": "http://jenkins:8080/generic-webhook-trigger/invoke?token=abc123"
          },
          "sensitive_attributes": [
            [
              {
                "type": "get_attr",
                "value": "secret"
              }
            ]
          ],
          "private": "bnVsbA==",
          "dependencies": [
            "bitbucketserver_project.products",
            "bitbucketserver_repository.product_repositories"
          ]
        }
      ]
    }
  ],
  "check_results": null
}
